
Microsoft Visual Studio Solution File, Format Version 12.00
# Visual Studio Version 17
VisualStudioVersion = 17.7.34024.191
MinimumVisualStudioVersion = 10.0.40219.1
Project("{FAE04EC0-301F-11D3-BF4B-00C04F79EFBC}") = "wyzwalacze", "wyzwalacze\wyzwalacze.csproj", "{DDECEC15-98A4-41C5-BCF4-85496A83182B}"
EndProject
Global
	GlobalSection(SolutionConfigurationPlatforms) = preSolution
		Debug|Any CPU = Debug|Any CPU
		Release|Any CPU = Release|Any CPU
	EndGlobalSection
	GlobalSection(ProjectConfigurationPlatforms) = postSolution
		{DDECEC15-98A4-41C5-BCF4-85496A83182B}.Debug|Any CPU.ActiveCfg = Debug|Any CPU
		{DDECEC15-98A4-41C5-BCF4-85496A83182B}.Debug|Any CPU.Build.0 = Debug|Any CPU
		{DDECEC15-98A4-41C5-BCF4-85496A83182B}.Release|Any CPU.ActiveCfg = Release|Any CPU
		{DDECEC15-98A4-41C5-BCF4-85496A83182B}.Release|Any CPU.Build.0 = Release|Any CPU
	EndGlobalSection
	GlobalSection(SolutionProperties) = preSolution
		HideSolutionNode = FALSE
	EndGlobalSection
	GlobalSection(ExtensibilityGlobals) = postSolution
		SolutionGuid = {F7EC9334-EC4D-41C7-84B0-A61956C937A9}
	EndGlobalSection
EndGlobal
